
Microsoft Visual Studio Solution File, Format Version 12.00
# Visual Studio 15
VisualStudioVersion = 15.0.27130.2020
MinimumVisualStudioVersion = 10.0.40219.1
Project("{FAE04EC0-301F-11D3-BF4B-00C04F79EFBC}") = "Parking", "Parking\Parking.csproj", "{6BDFA413-0FD9-4EA8-B3FD-31DDA04E1865}"
EndProject
Global
	GlobalSection(SolutionConfigurationPlatforms) = preSolution
		Debug|Any CPU = Debug|Any CPU
		Release|Any CPU = Release|Any CPU
	EndGlobalSection
	GlobalSection(ProjectConfigurationPlatforms) = postSolution
		{6BDFA413-0FD9-4EA8-B3FD-31DDA04E1865}.Debug|Any CPU.ActiveCfg = Debug|Any CPU
		{6BDFA413-0FD9-4EA8-B3FD-31DDA04E1865}.Debug|Any CPU.Build.0 = Debug|Any CPU
		{6BDFA413-0FD9-4EA8-B3FD-31DDA04E1865}.Release|Any CPU.ActiveCfg = Release|Any CPU
		{6BDFA413-0FD9-4EA8-B3FD-31DDA04E1865}.Release|Any CPU.Build.0 = Release|Any CPU
	EndGlobalSection
	GlobalSection(SolutionProperties) = preSolution
		HideSolutionNode = FALSE
	EndGlobalSection
	GlobalSection(ExtensibilityGlobals) = postSolution
		SolutionGuid = {DB59626B-A9D8-49B2-AE18-BB91654FDB0B}
	EndGlobalSection
EndGlobal
